
Microsoft Visual Studio Solution File, Format Version 12.00
# Visual Studio 2013
VisualStudioVersion = 12.0.31101.0
MinimumVisualStudioVersion = 10.0.40219.1
Project("{2150E333-8FDC-42A3-9474-1A3956D46DE8}") = "GloryS", "GloryS", "{E159C7B4-0475-4A38-B5EB-0170BBD289EE}"
EndProject
Project("{FAE04EC0-301F-11D3-BF4B-00C04F79EFBC}") = "GloryS.LinqSample", "GloryS.LinqSample\GloryS.LinqSample.csproj", "{5A6FA538-7AB4-4FD9-B8C5-E876F8631180}"
EndProject
Project("{FAE04EC0-301F-11D3-BF4B-00C04F79EFBC}") = "GloryS.Common", "GloryS.Common\GloryS.Common.csproj", "{88E50888-1060-410C-AB15-202FE569486E}"
EndProject
Global
	GlobalSection(SolutionConfigurationPlatforms) = preSolution
		Debug|Any CPU = Debug|Any CPU
		Release|Any CPU = Release|Any CPU
	EndGlobalSection
	GlobalSection(ProjectConfigurationPlatforms) = postSolution
		{5A6FA538-7AB4-4FD9-B8C5-E876F8631180}.Debug|Any CPU.ActiveCfg = Debug|Any CPU
		{5A6FA538-7AB4-4FD9-B8C5-E876F8631180}.Debug|Any CPU.Build.0 = Debug|Any CPU
		{5A6FA538-7AB4-4FD9-B8C5-E876F8631180}.Release|Any CPU.ActiveCfg = Release|Any CPU
		{5A6FA538-7AB4-4FD9-B8C5-E876F8631180}.Release|Any CPU.Build.0 = Release|Any CPU
		{88E50888-1060-410C-AB15-202FE569486E}.Debug|Any CPU.ActiveCfg = Debug|Any CPU
		{88E50888-1060-410C-AB15-202FE569486E}.Debug|Any CPU.Build.0 = Debug|Any CPU
		{88E50888-1060-410C-AB15-202FE569486E}.Release|Any CPU.ActiveCfg = Release|Any CPU
		{88E50888-1060-410C-AB15-202FE569486E}.Release|Any CPU.Build.0 = Release|Any CPU
	EndGlobalSection
	GlobalSection(SolutionProperties) = preSolution
		HideSolutionNode = FALSE
	EndGlobalSection
	GlobalSection(NestedProjects) = preSolution
		{88E50888-1060-410C-AB15-202FE569486E} = {E159C7B4-0475-4A38-B5EB-0170BBD289EE}
	EndGlobalSection
EndGlobal
